
Microsoft Visual Studio Solution File, Format Version 12.00
# Visual Studio 2012
Project("{FAE04EC0-301F-11D3-BF4B-00C04F79EFBC}") = "KanbanAPI", "KanbanAPI\KanbanAPI.csproj", "{414CA525-BEE4-4CE9-A3CC-E89604D6355E}"
EndProject
Project("{FAE04EC0-301F-11D3-BF4B-00C04F79EFBC}") = "KanbanUI", "KanbanUI\KanbanUI.csproj", "{15F6BF3C-DCAA-4D8E-87FE-DAF20372BC24}"
EndProject
Global
	GlobalSection(SolutionConfigurationPlatforms) = preSolution
		Debug|Any CPU = Debug|Any CPU
		Release|Any CPU = Release|Any CPU
	EndGlobalSection
	GlobalSection(ProjectConfigurationPlatforms) = postSolution
		{414CA525-BEE4-4CE9-A3CC-E89604D6355E}.Debug|Any CPU.ActiveCfg = Debug|Any CPU
		{414CA525-BEE4-4CE9-A3CC-E89604D6355E}.Debug|Any CPU.Build.0 = Debug|Any CPU
		{414CA525-BEE4-4CE9-A3CC-E89604D6355E}.Release|Any CPU.ActiveCfg = Release|Any CPU
		{414CA525-BEE4-4CE9-A3CC-E89604D6355E}.Release|Any CPU.Build.0 = Release|Any CPU
		{15F6BF3C-DCAA-4D8E-87FE-DAF20372BC24}.Debug|Any CPU.ActiveCfg = Debug|Any CPU
		{15F6BF3C-DCAA-4D8E-87FE-DAF20372BC24}.Debug|Any CPU.Build.0 = Debug|Any CPU
		{15F6BF3C-DCAA-4D8E-87FE-DAF20372BC24}.Release|Any CPU.ActiveCfg = Release|Any CPU
		{15F6BF3C-DCAA-4D8E-87FE-DAF20372BC24}.Release|Any CPU.Build.0 = Release|Any CPU
	EndGlobalSection
EndGlobal
